
Microsoft Visual Studio Solution File, Format Version 12.00
# Visual Studio Version 17
VisualStudioVersion = 17.8.34408.163
MinimumVisualStudioVersion = 10.0.40219.1
Project("{FAE04EC0-301F-11D3-BF4B-00C04F79EFBC}") = "LibAppApi", "LibAppApi\LibAppApi.csproj", "{E71D6435-F9AF-4A46-8FAB-1804BF46B098}"
EndProject
Global
	GlobalSection(SolutionConfigurationPlatforms) = preSolution
		Debug|Any CPU = Debug|Any CPU
		Release|Any CPU = Release|Any CPU
	EndGlobalSection
	GlobalSection(ProjectConfigurationPlatforms) = postSolution
		{E71D6435-F9AF-4A46-8FAB-1804BF46B098}.Debug|Any CPU.ActiveCfg = Debug|Any CPU
		{E71D6435-F9AF-4A46-8FAB-1804BF46B098}.Debug|Any CPU.Build.0 = Debug|Any CPU
		{E71D6435-F9AF-4A46-8FAB-1804BF46B098}.Release|Any CPU.ActiveCfg = Release|Any CPU
		{E71D6435-F9AF-4A46-8FAB-1804BF46B098}.Release|Any CPU.Build.0 = Release|Any CPU
	EndGlobalSection
	GlobalSection(SolutionProperties) = preSolution
		HideSolutionNode = FALSE
	EndGlobalSection
	GlobalSection(ExtensibilityGlobals) = postSolution
		SolutionGuid = {BF4B713E-AA27-46A6-8749-AA4E3BE2E9A8}
	EndGlobalSection
EndGlobal
